
Microsoft Visual Studio Solution File, Format Version 12.00
# Visual Studio Version 17
VisualStudioVersion = 17.4.33205.214
MinimumVisualStudioVersion = 10.0.40219.1
Project("{FAE04EC0-301F-11D3-BF4B-00C04F79EFBC}") = "MinhaDistribuidora", "MinhaDistribuidora\MinhaDistribuidora.csproj", "{310E457E-1681-472E-B5B2-7D49B7EE146F}"
EndProject
Global
	GlobalSection(SolutionConfigurationPlatforms) = preSolution
		Debug|Any CPU = Debug|Any CPU
		Release|Any CPU = Release|Any CPU
	EndGlobalSection
	GlobalSection(ProjectConfigurationPlatforms) = postSolution
		{310E457E-1681-472E-B5B2-7D49B7EE146F}.Debug|Any CPU.ActiveCfg = Debug|Any CPU
		{310E457E-1681-472E-B5B2-7D49B7EE146F}.Debug|Any CPU.Build.0 = Debug|Any CPU
		{310E457E-1681-472E-B5B2-7D49B7EE146F}.Release|Any CPU.ActiveCfg = Release|Any CPU
		{310E457E-1681-472E-B5B2-7D49B7EE146F}.Release|Any CPU.Build.0 = Release|Any CPU
	EndGlobalSection
	GlobalSection(SolutionProperties) = preSolution
		HideSolutionNode = FALSE
	EndGlobalSection
	GlobalSection(ExtensibilityGlobals) = postSolution
		SolutionGuid = {1A58E48F-6FC5-411B-AEE3-3D219AC1E44B}
	EndGlobalSection
EndGlobal
